# This file is autogenerated, do not edit; changes may be undone by the next 'dep ensure'.


[[projects]]
  name = "github.com/Sirupsen/logrus"
  packages = ["."]
  revision = "418b41d23a1bf978c06faea5313ba194650ac088"
  version = "v0.8.7"

[[projects]]
  name = "github.com/elazarl/goproxy"
  packages = ["."]
  revision = "0a5b8bdb09049ae4ae68e75437ded0b7a2e324e3"
  version = "v1.0"

[[projects]]
  name = "github.com/levigross/grequests"
  packages = ["."]
  revision = "85b8e7ae710aba07c934cfb8a6eb9d0339a0ba89"
  version = "0.2"

[solve-meta]
  analyzer-name = "dep"
  analyzer-version = 1
  inputs-digest = "81063506be83cb478b0524c82ede6177c14e5b61f00d03908811a96994d1d089"
  solver-name = "gps-cdcl"
  solver-version = 1
